
Microsoft Visual Studio Solution File, Format Version 12.00
# Visual Studio Version 16
VisualStudioVersion = 16.0.31105.61
MinimumVisualStudioVersion = 10.0.40219.1
Project("{FAE04EC0-301F-11D3-BF4B-00C04F79EFBC}") = "ClassLibrary", "ClassLibrary\ClassLibrary.csproj", "{BED6D3F5-2B2F-4E43-BC3B-B1A5F714267D}"
EndProject
Global
	GlobalSection(SolutionConfigurationPlatforms) = preSolution
		Debug|Any CPU = Debug|Any CPU
		Release|Any CPU = Release|Any CPU
	EndGlobalSection
	GlobalSection(ProjectConfigurationPlatforms) = postSolution
		{BED6D3F5-2B2F-4E43-BC3B-B1A5F714267D}.Debug|Any CPU.ActiveCfg = Debug|Any CPU
		{BED6D3F5-2B2F-4E43-BC3B-B1A5F714267D}.Debug|Any CPU.Build.0 = Debug|Any CPU
		{BED6D3F5-2B2F-4E43-BC3B-B1A5F714267D}.Release|Any CPU.ActiveCfg = Release|Any CPU
		{BED6D3F5-2B2F-4E43-BC3B-B1A5F714267D}.Release|Any CPU.Build.0 = Release|Any CPU
	EndGlobalSection
	GlobalSection(SolutionProperties) = preSolution
		HideSolutionNode = FALSE
	EndGlobalSection
	GlobalSection(ExtensibilityGlobals) = postSolution
		SolutionGuid = {D14CBB24-19A7-4A49-B6D7-3FD2E7BDC230}
	EndGlobalSection
EndGlobal
